
Microsoft Visual Studio Solution File, Format Version 12.00
# Visual Studio Version 17
VisualStudioVersion = 17.11.35312.102
MinimumVisualStudioVersion = 10.0.40219.1
Project("{FAE04EC0-301F-11D3-BF4B-00C04F79EFBC}") = "KASDLab07", "KASDLab07.csproj", "{3F460C0C-B838-490E-A172-2D484FC09753}"
EndProject
Global
	GlobalSection(SolutionConfigurationPlatforms) = preSolution
		Debug|Any CPU = Debug|Any CPU
		Release|Any CPU = Release|Any CPU
	EndGlobalSection
	GlobalSection(ProjectConfigurationPlatforms) = postSolution
		{3F460C0C-B838-490E-A172-2D484FC09753}.Debug|Any CPU.ActiveCfg = Debug|Any CPU
		{3F460C0C-B838-490E-A172-2D484FC09753}.Debug|Any CPU.Build.0 = Debug|Any CPU
		{3F460C0C-B838-490E-A172-2D484FC09753}.Release|Any CPU.ActiveCfg = Release|Any CPU
		{3F460C0C-B838-490E-A172-2D484FC09753}.Release|Any CPU.Build.0 = Release|Any CPU
	EndGlobalSection
	GlobalSection(SolutionProperties) = preSolution
		HideSolutionNode = FALSE
	EndGlobalSection
	GlobalSection(ExtensibilityGlobals) = postSolution
		SolutionGuid = {EE561A8E-EA13-45AE-811B-1E57A34C954A}
	EndGlobalSection
EndGlobal
